
Microsoft Visual Studio Solution File, Format Version 12.00
# Visual Studio Version 17
VisualStudioVersion = 17.0.31903.59
MinimumVisualStudioVersion = 10.0.40219.1
Project("{FAE04EC0-301F-11D3-BF4B-00C04F79EFBC}") = "Authentication.Server", "Authentication.Server\Authentication.Server.csproj", "{F668975C-08E2-4B17-A4D6-05A9136B42B2}"
EndProject
Project("{FAE04EC0-301F-11D3-BF4B-00C04F79EFBC}") = "Hibernum.Server", "Hibernum.Server\Hibernum.Server.csproj", "{E0D5EB3C-A1DE-423C-827A-888924FC9B93}"
EndProject
Project("{2150E333-8FDC-42A3-9474-1A3956D46DE8}") = "Library", "Library", "{B9E2A11E-6CE5-451E-ABF2-4E8E8994B53E}"
EndProject
Project("{FAE04EC0-301F-11D3-BF4B-00C04F79EFBC}") = "Server.Core", "Library\Server.Core\Server.Core.csproj", "{49E3115D-5643-4875-8D4F-F470B52CDA08}"
EndProject
Project("{FAE04EC0-301F-11D3-BF4B-00C04F79EFBC}") = "Server.Database", "Library\Server.Database\Server.Database.csproj", "{5C532070-4708-4D73-98B0-296892BCCA91}"
EndProject
Project("{FAE04EC0-301F-11D3-BF4B-00C04F79EFBC}") = "Server.Exceptions", "Library\Server.Exceptions\Server.Exceptions.csproj", "{52BF01C5-FD61-4AE4-8EC6-2B183A48AD2E}"
EndProject
Project("{FAE04EC0-301F-11D3-BF4B-00C04F79EFBC}") = "Server.Extensions", "Library\Server.Extensions\Server.Extensions.csproj", "{470F4D8B-337F-41F6-A0AE-A941FA0E12FA}"
EndProject
Project("{FAE04EC0-301F-11D3-BF4B-00C04F79EFBC}") = "Server.Interfaces", "Library\Server.Interfaces\Server.Interfaces.csproj", "{A7BDE826-F7A2-4672-865A-5BA9FAD07E0B}"
EndProject
Project("{FAE04EC0-301F-11D3-BF4B-00C04F79EFBC}") = "Server.Middleware", "Library\Server.Middleware\Server.Middleware.csproj", "{46CC5E50-EF03-4E48-82E5-14272916CF9F}"
EndProject
Project("{FAE04EC0-301F-11D3-BF4B-00C04F79EFBC}") = "Server.Models", "Library\Server.Models\Server.Models.csproj", "{6F2E5CE0-0884-4026-82E0-31F354B38895}"
EndProject
Project("{FAE04EC0-301F-11D3-BF4B-00C04F79EFBC}") = "Server.Security", "Library\Server.Security\Server.Security.csproj", "{5841AE9F-ED11-47BC-8DD5-B3AFC7D34E89}"
EndProject
Project("{FAE04EC0-301F-11D3-BF4B-00C04F79EFBC}") = "Server.Services", "Library\Server.Services\Server.Services.csproj", "{0B828937-29EB-4306-9D93-6D85AAA77F0C}"
EndProject
Project("{FAE04EC0-301F-11D3-BF4B-00C04F79EFBC}") = "Server.Properties", "Library\Server.Properties\Server.Properties.csproj", "{D7752DED-2E83-46E9-AD91-22BE3A59189A}"
EndProject
Project("{FAE04EC0-301F-11D3-BF4B-00C04F79EFBC}") = "Server.Library", "Library\Server.Library\Server.Library.csproj", "{022E130B-ADE0-44CA-A4ED-2A1A456DB7C1}"
EndProject
Project("{FAE04EC0-301F-11D3-BF4B-00C04F79EFBC}") = "Server.Validation", "Library\Server.Validation\Server.Validation.csproj", "{01D8F6D9-8506-4343-B5BA-65D9F312FD45}"
EndProject
Project("{FAE04EC0-301F-11D3-BF4B-00C04F79EFBC}") = "Server.Dtos", "Library\Server.Dtos\Server.Dtos.csproj", "{C5191319-B5CC-44CB-BFE5-BDB3693B4BA5}"
EndProject
Global
	GlobalSection(SolutionConfigurationPlatforms) = preSolution
		Debug|Any CPU = Debug|Any CPU
		Release|Any CPU = Release|Any CPU
	EndGlobalSection
	GlobalSection(SolutionProperties) = preSolution
		HideSolutionNode = FALSE
	EndGlobalSection
	GlobalSection(ProjectConfigurationPlatforms) = postSolution
		{F668975C-08E2-4B17-A4D6-05A9136B42B2}.Debug|Any CPU.ActiveCfg = Debug|Any CPU
		{F668975C-08E2-4B17-A4D6-05A9136B42B2}.Debug|Any CPU.Build.0 = Debug|Any CPU
		{F668975C-08E2-4B17-A4D6-05A9136B42B2}.Release|Any CPU.ActiveCfg = Release|Any CPU
		{F668975C-08E2-4B17-A4D6-05A9136B42B2}.Release|Any CPU.Build.0 = Release|Any CPU
		{E0D5EB3C-A1DE-423C-827A-888924FC9B93}.Debug|Any CPU.ActiveCfg = Debug|Any CPU
		{E0D5EB3C-A1DE-423C-827A-888924FC9B93}.Debug|Any CPU.Build.0 = Debug|Any CPU
		{E0D5EB3C-A1DE-423C-827A-888924FC9B93}.Release|Any CPU.ActiveCfg = Release|Any CPU
		{E0D5EB3C-A1DE-423C-827A-888924FC9B93}.Release|Any CPU.Build.0 = Release|Any CPU
		{49E3115D-5643-4875-8D4F-F470B52CDA08}.Debug|Any CPU.ActiveCfg = Debug|Any CPU
		{49E3115D-5643-4875-8D4F-F470B52CDA08}.Debug|Any CPU.Build.0 = Debug|Any CPU
		{49E3115D-5643-4875-8D4F-F470B52CDA08}.Release|Any CPU.ActiveCfg = Release|Any CPU
		{49E3115D-5643-4875-8D4F-F470B52CDA08}.Release|Any CPU.Build.0 = Release|Any CPU
		{5C532070-4708-4D73-98B0-296892BCCA91}.Debug|Any CPU.ActiveCfg = Debug|Any CPU
		{5C532070-4708-4D73-98B0-296892BCCA91}.Debug|Any CPU.Build.0 = Debug|Any CPU
		{5C532070-4708-4D73-98B0-296892BCCA91}.Release|Any CPU.ActiveCfg = Release|Any CPU
		{5C532070-4708-4D73-98B0-296892BCCA91}.Release|Any CPU.Build.0 = Release|Any CPU
		{52BF01C5-FD61-4AE4-8EC6-2B183A48AD2E}.Debug|Any CPU.ActiveCfg = Debug|Any CPU
		{52BF01C5-FD61-4AE4-8EC6-2B183A48AD2E}.Debug|Any CPU.Build.0 = Debug|Any CPU
		{52BF01C5-FD61-4AE4-8EC6-2B183A48AD2E}.Release|Any CPU.ActiveCfg = Release|Any CPU
		{52BF01C5-FD61-4AE4-8EC6-2B183A48AD2E}.Release|Any CPU.Build.0 = Release|Any CPU
		{470F4D8B-337F-41F6-A0AE-A941FA0E12FA}.Debug|Any CPU.ActiveCfg = Debug|Any CPU
		{470F4D8B-337F-41F6-A0AE-A941FA0E12FA}.Debug|Any CPU.Build.0 = Debug|Any CPU
		{470F4D8B-337F-41F6-A0AE-A941FA0E12FA}.Release|Any CPU.ActiveCfg = Release|Any CPU
		{470F4D8B-337F-41F6-A0AE-A941FA0E12FA}.Release|Any CPU.Build.0 = Release|Any CPU
		{A7BDE826-F7A2-4672-865A-5BA9FAD07E0B}.Debug|Any CPU.ActiveCfg = Debug|Any CPU
		{A7BDE826-F7A2-4672-865A-5BA9FAD07E0B}.Debug|Any CPU.Build.0 = Debug|Any CPU
		{A7BDE826-F7A2-4672-865A-5BA9FAD07E0B}.Release|Any CPU.ActiveCfg = Release|Any CPU
		{A7BDE826-F7A2-4672-865A-5BA9FAD07E0B}.Release|Any CPU.Build.0 = Release|Any CPU
		{46CC5E50-EF03-4E48-82E5-14272916CF9F}.Debug|Any CPU.ActiveCfg = Debug|Any CPU
		{46CC5E50-EF03-4E48-82E5-14272916CF9F}.Debug|Any CPU.Build.0 = Debug|Any CPU
		{46CC5E50-EF03-4E48-82E5-14272916CF9F}.Release|Any CPU.ActiveCfg = Release|Any CPU
		{46CC5E50-EF03-4E48-82E5-14272916CF9F}.Release|Any CPU.Build.0 = Release|Any CPU
		{6F2E5CE0-0884-4026-82E0-31F354B38895}.Debug|Any CPU.ActiveCfg = Debug|Any CPU
		{6F2E5CE0-0884-4026-82E0-31F354B38895}.Debug|Any CPU.Build.0 = Debug|Any CPU
		{6F2E5CE0-0884-4026-82E0-31F354B38895}.Release|Any CPU.ActiveCfg = Release|Any CPU
		{6F2E5CE0-0884-4026-82E0-31F354B38895}.Release|Any CPU.Build.0 = Release|Any CPU
		{5841AE9F-ED11-47BC-8DD5-B3AFC7D34E89}.Debug|Any CPU.ActiveCfg = Debug|Any CPU
		{5841AE9F-ED11-47BC-8DD5-B3AFC7D34E89}.Debug|Any CPU.Build.0 = Debug|Any CPU
		{5841AE9F-ED11-47BC-8DD5-B3AFC7D34E89}.Release|Any CPU.ActiveCfg = Release|Any CPU
		{5841AE9F-ED11-47BC-8DD5-B3AFC7D34E89}.Release|Any CPU.Build.0 = Release|Any CPU
		{0B828937-29EB-4306-9D93-6D85AAA77F0C}.Debug|Any CPU.ActiveCfg = Debug|Any CPU
		{0B828937-29EB-4306-9D93-6D85AAA77F0C}.Debug|Any CPU.Build.0 = Debug|Any CPU
		{0B828937-29EB-4306-9D93-6D85AAA77F0C}.Release|Any CPU.ActiveCfg = Release|Any CPU
		{0B828937-29EB-4306-9D93-6D85AAA77F0C}.Release|Any CPU.Build.0 = Release|Any CPU
		{D7752DED-2E83-46E9-AD91-22BE3A59189A}.Debug|Any CPU.ActiveCfg = Debug|Any CPU
		{D7752DED-2E83-46E9-AD91-22BE3A59189A}.Debug|Any CPU.Build.0 = Debug|Any CPU
		{D7752DED-2E83-46E9-AD91-22BE3A59189A}.Release|Any CPU.ActiveCfg = Release|Any CPU
		{D7752DED-2E83-46E9-AD91-22BE3A59189A}.Release|Any CPU.Build.0 = Release|Any CPU
		{022E130B-ADE0-44CA-A4ED-2A1A456DB7C1}.Debug|Any CPU.ActiveCfg = Debug|Any CPU
		{022E130B-ADE0-44CA-A4ED-2A1A456DB7C1}.Debug|Any CPU.Build.0 = Debug|Any CPU
		{022E130B-ADE0-44CA-A4ED-2A1A456DB7C1}.Release|Any CPU.ActiveCfg = Release|Any CPU
		{022E130B-ADE0-44CA-A4ED-2A1A456DB7C1}.Release|Any CPU.Build.0 = Release|Any CPU
		{01D8F6D9-8506-4343-B5BA-65D9F312FD45}.Debug|Any CPU.ActiveCfg = Debug|Any CPU
		{01D8F6D9-8506-4343-B5BA-65D9F312FD45}.Debug|Any CPU.Build.0 = Debug|Any CPU
		{01D8F6D9-8506-4343-B5BA-65D9F312FD45}.Release|Any CPU.ActiveCfg = Release|Any CPU
		{01D8F6D9-8506-4343-B5BA-65D9F312FD45}.Release|Any CPU.Build.0 = Release|Any CPU
		{C5191319-B5CC-44CB-BFE5-BDB3693B4BA5}.Debug|Any CPU.ActiveCfg = Debug|Any CPU
		{C5191319-B5CC-44CB-BFE5-BDB3693B4BA5}.Debug|Any CPU.Build.0 = Debug|Any CPU
		{C5191319-B5CC-44CB-BFE5-BDB3693B4BA5}.Release|Any CPU.ActiveCfg = Release|Any CPU
		{C5191319-B5CC-44CB-BFE5-BDB3693B4BA5}.Release|Any CPU.Build.0 = Release|Any CPU
	EndGlobalSection
	GlobalSection(NestedProjects) = preSolution
		{49E3115D-5643-4875-8D4F-F470B52CDA08} = {B9E2A11E-6CE5-451E-ABF2-4E8E8994B53E}
		{5C532070-4708-4D73-98B0-296892BCCA91} = {B9E2A11E-6CE5-451E-ABF2-4E8E8994B53E}
		{52BF01C5-FD61-4AE4-8EC6-2B183A48AD2E} = {B9E2A11E-6CE5-451E-ABF2-4E8E8994B53E}
		{470F4D8B-337F-41F6-A0AE-A941FA0E12FA} = {B9E2A11E-6CE5-451E-ABF2-4E8E8994B53E}
		{A7BDE826-F7A2-4672-865A-5BA9FAD07E0B} = {B9E2A11E-6CE5-451E-ABF2-4E8E8994B53E}
		{46CC5E50-EF03-4E48-82E5-14272916CF9F} = {B9E2A11E-6CE5-451E-ABF2-4E8E8994B53E}
		{6F2E5CE0-0884-4026-82E0-31F354B38895} = {B9E2A11E-6CE5-451E-ABF2-4E8E8994B53E}
		{5841AE9F-ED11-47BC-8DD5-B3AFC7D34E89} = {B9E2A11E-6CE5-451E-ABF2-4E8E8994B53E}
		{0B828937-29EB-4306-9D93-6D85AAA77F0C} = {B9E2A11E-6CE5-451E-ABF2-4E8E8994B53E}
		{D7752DED-2E83-46E9-AD91-22BE3A59189A} = {B9E2A11E-6CE5-451E-ABF2-4E8E8994B53E}
		{022E130B-ADE0-44CA-A4ED-2A1A456DB7C1} = {B9E2A11E-6CE5-451E-ABF2-4E8E8994B53E}
		{01D8F6D9-8506-4343-B5BA-65D9F312FD45} = {B9E2A11E-6CE5-451E-ABF2-4E8E8994B53E}
		{C5191319-B5CC-44CB-BFE5-BDB3693B4BA5} = {B9E2A11E-6CE5-451E-ABF2-4E8E8994B53E}
	EndGlobalSection
EndGlobal
